
Microsoft Visual Studio Solution File, Format Version 12.00
# Visual Studio Version 17
VisualStudioVersion = 17.4.33122.133
MinimumVisualStudioVersion = 10.0.40219.1
Project("{FAE04EC0-301F-11D3-BF4B-00C04F79EFBC}") = "Lab9", "Lab9\Lab9.csproj", "{551D5D01-A441-4707-94D8-7CFE6ABCF19F}"
EndProject
Global
	GlobalSection(SolutionConfigurationPlatforms) = preSolution
		Debug|Any CPU = Debug|Any CPU
		Release|Any CPU = Release|Any CPU
	EndGlobalSection
	GlobalSection(ProjectConfigurationPlatforms) = postSolution
		{551D5D01-A441-4707-94D8-7CFE6ABCF19F}.Debug|Any CPU.ActiveCfg = Debug|Any CPU
		{551D5D01-A441-4707-94D8-7CFE6ABCF19F}.Debug|Any CPU.Build.0 = Debug|Any CPU
		{551D5D01-A441-4707-94D8-7CFE6ABCF19F}.Release|Any CPU.ActiveCfg = Release|Any CPU
		{551D5D01-A441-4707-94D8-7CFE6ABCF19F}.Release|Any CPU.Build.0 = Release|Any CPU
	EndGlobalSection
	GlobalSection(SolutionProperties) = preSolution
		HideSolutionNode = FALSE
	EndGlobalSection
	GlobalSection(ExtensibilityGlobals) = postSolution
		SolutionGuid = {07B6FA0D-AC18-4FEF-B8E2-D5A26F32F876}
	EndGlobalSection
EndGlobal
